k8s.io/api v0.37.0 h1:Z//Vj9N7RA/yS2sDmxyeo7h+RR4zbUrd2vrd3Z0TbB4=
k8s.io/api v0.37.0/go.mod h1:LKXgcJWMc+f4OLbP5SFR8rulEg07zZhpi/zMULiBImk=
k8s.io/apimachinery v0.37.0 h1:Np2AbDtf8x6RDHiD8T9LbKJ9gaegeVNa8yNm5FuGKm0=
k8s.io/apimachinery v0.37.0/go.mod h1:RN3nhprFSCxOi5Selxd7oMTXOe/c+ZbcE7Im+TS2zkE=
k8s.io/client-go v0.37.0 h1:nsN31fy8wBySuZ+QRnKmrjRSQLOG2rvoGN0tKd12zhQ=
k8s.io/client-go v0.37.0/go.mod h1:FcGqw+Ll/gNQiq+nPGY1Oyt9y7SgDh1d3MW3RFDEbn0=
